<?xml version="1.0" encoding="utf-8"?>
<Project ToolsVersion="4.0" xmlns="http://schemas.microsoft.com/developer/msbuild/2003">
  <ItemGroup>
    <Filter Include="源文件">
      <UniqueIdentifier>{4FC737F1-C7A5-4376-A066-2A32D752A2FF}</UniqueIdentifier>
      <Extensions>cpp;c;cc;cxx;c++;cppm;ixx;def;odl;idl;hpj;bat;asm;asmx</Extensions>
    </Filter>
    <Filter Include="头文件">
      <UniqueIdentifier>{93995380-89BD-4b04-88EB-625FBE52EBFB}</UniqueIdentifier>
      <Extensions>h;hh;hpp;hxx;h++;hm;inl;inc;ipp;xsd</Extensions>
    </Filter>
    <Filter Include="资源文件">
      <UniqueIdentifier>{67DA6AB6-F800-4c08-8B7A-83BB121AAD01}</UniqueIdentifier>
      <Extensions>rc;ico;cur;bmp;dlg;rc2;rct;bin;rgs;gif;jpg;jpeg;jpe;resx;tiff;tif;png;wav;mfcribbon-ms</Extensions>
    </Filter>
    <Filter Include="头文件\Networking">
      <UniqueIdentifier>{631deafe-332f-4482-97e5-62ba8553a398}</UniqueIdentifier>
    </Filter>
    <Filter Include="头文件\Memory">
      <UniqueIdentifier>{a0286029-342d-48e0-9255-1d4b8de2a600}</UniqueIdentifier>
    </Filter>
    <Filter Include="源文件\Networking">
      <UniqueIdentifier>{98393575-0a4d-46cf-bd18-edc875394dfa}</UniqueIdentifier>
    </Filter>
    <Filter Include="源文件\Memory">
      <UniqueIdentifier>{ebd91f62-af0c-4eae-af55-f5906053842c}</UniqueIdentifier>
    </Filter>
  </ItemGroup>
  <ItemGroup>
    <ClCompile Include="main.cpp">
      <Filter>源文件</Filter>
    </ClCompile>
    <ClCompile Include="deprecated_code.cpp">
      <Filter>源文件</Filter>
    </ClCompile>
    <ClCompile Include="MemoryDataProcessor.cpp">
      <Filter>源文件\Memory</Filter>
    </ClCompile>
    <ClCompile Include="MemoryOffsetStorage.cpp">
      <Filter>源文件\Memory</Filter>
    </ClCompile>
    <ClCompile Include="NetworkDispatcher.cpp">
      <Filter>源文件\Networking</Filter>
    </ClCompile>
  </ItemGroup>
  <ItemGroup>
    <ClInclude Include="main.h">
      <Filter>头文件</Filter>
    </ClInclude>
    <ClInclude Include="MemoryDataProcessor.h">
      <Filter>头文件\Memory</Filter>
    </ClInclude>
    <ClInclude Include="MemoryOffsetStorage.h">
      <Filter>头文件\Memory</Filter>
    </ClInclude>
    <ClInclude Include="NetworkDispatcher.h">
      <Filter>头文件\Networking</Filter>
    </ClInclude>
  </ItemGroup>
</Project>